
Microsoft Visual Studio Solution File, Format Version 12.00
# Visual Studio Version 17
VisualStudioVersion = 17.14.36414.22 d17.14
MinimumVisualStudioVersion = 10.0.40219.1
Project("{FAE04EC0-301F-11D3-BF4B-00C04F79EFBC}") = "CA2_WebAppUsingAPIs", "CA2_WebAppUsingAPIs.csproj", "{833AE324-2425-49DF-A08B-94F91607D2B7}"
EndProject
Global
	GlobalSection(SolutionConfigurationPlatforms) = preSolution
		Debug|Any CPU = Debug|Any CPU
		Release|Any CPU = Release|Any CPU
	EndGlobalSection
	GlobalSection(ProjectConfigurationPlatforms) = postSolution
		{833AE324-2425-49DF-A08B-94F91607D2B7}.Debug|Any CPU.ActiveCfg = Debug|Any CPU
		{833AE324-2425-49DF-A08B-94F91607D2B7}.Debug|Any CPU.Build.0 = Debug|Any CPU
		{833AE324-2425-49DF-A08B-94F91607D2B7}.Release|Any CPU.ActiveCfg = Release|Any CPU
		{833AE324-2425-49DF-A08B-94F91607D2B7}.Release|Any CPU.Build.0 = Release|Any CPU
	EndGlobalSection
	GlobalSection(SolutionProperties) = preSolution
		HideSolutionNode = FALSE
	EndGlobalSection
	GlobalSection(ExtensibilityGlobals) = postSolution
		SolutionGuid = {83E8D3A2-D9A0-43BD-98BD-3528D2D3175C}
	EndGlobalSection
EndGlobal
